
Microsoft Visual Studio Solution File, Format Version 12.00
# Visual Studio 15
VisualStudioVersion = 15.0.27428.2037
MinimumVisualStudioVersion = 10.0.40219.1
Project("{FAE04EC0-301F-11D3-BF4B-00C04F79EFBC}") = "Study2_XamarinForms_BlankApp.Android", "Study2_XamarinForms_BlankApp\Study2_XamarinForms_BlankApp.Android\Study2_XamarinForms_BlankApp.Android.csproj", "{5FF81CF8-CCB6-4791-A688-DB94786AE6A9}"
EndProject
Project("{FAE04EC0-301F-11D3-BF4B-00C04F79EFBC}") = "Study2_XamarinForms_BlankApp.iOS", "Study2_XamarinForms_BlankApp\Study2_XamarinForms_BlankApp.iOS\Study2_XamarinForms_BlankApp.iOS.csproj", "{331AF15F-1C5A-492B-993B-1817D24CA455}"
EndProject
Project("{FAE04EC0-301F-11D3-BF4B-00C04F79EFBC}") = "Study2_XamarinForms_BlankApp.UWP", "Study2_XamarinForms_BlankApp\Study2_XamarinForms_BlankApp.UWP\Study2_XamarinForms_BlankApp.UWP.csproj", "{8898DE72-E805-4B7A-9973-E6AA9D422251}"
EndProject
Project("{FAE04EC0-301F-11D3-BF4B-00C04F79EFBC}") = "Study2_XamarinForms_BlankApp", "Study2_XamarinForms_BlankApp\Study2_XamarinForms_BlankApp\Study2_XamarinForms_BlankApp.csproj", "{80E1DED2-7069-4908-9519-E69E34BDBB74}"
EndProject
Global
	GlobalSection(SolutionConfigurationPlatforms) = preSolution
		Ad-Hoc|Any CPU = Ad-Hoc|Any CPU
		Ad-Hoc|ARM = Ad-Hoc|ARM
		Ad-Hoc|iPhone = Ad-Hoc|iPhone
		Ad-Hoc|iPhoneSimulator = Ad-Hoc|iPhoneSimulator
		Ad-Hoc|x64 = Ad-Hoc|x64
		Ad-Hoc|x86 = Ad-Hoc|x86
		AppStore|Any CPU = AppStore|Any CPU
		AppStore|ARM = AppStore|ARM
		AppStore|iPhone = AppStore|iPhone
		AppStore|iPhoneSimulator = AppStore|iPhoneSimulator
		AppStore|x64 = AppStore|x64
		AppStore|x86 = AppStore|x86
		Debug|Any CPU = Debug|Any CPU
		Debug|ARM = Debug|ARM
		Debug|iPhone = Debug|iPhone
		Debug|iPhoneSimulator = Debug|iPhoneSimulator
		Debug|x64 = Debug|x64
		Debug|x86 = Debug|x86
		Release|Any CPU = Release|Any CPU
		Release|ARM = Release|ARM
		Release|iPhone = Release|iPhone
		Release|iPhoneSimulator = Release|iPhoneSimulator
		Release|x64 = Release|x64
		Release|x86 = Release|x86
	EndGlobalSection
	GlobalSection(ProjectConfigurationPlatforms) = postSolution
		{5FF81CF8-CCB6-4791-A688-DB94786AE6A9}.Ad-Hoc|Any CPU.ActiveCfg = Release|Any CPU
		{5FF81CF8-CCB6-4791-A688-DB94786AE6A9}.Ad-Hoc|Any CPU.Build.0 = Release|Any CPU
		{5FF81CF8-CCB6-4791-A688-DB94786AE6A9}.Ad-Hoc|Any CPU.Deploy.0 = Release|Any CPU
		{5FF81CF8-CCB6-4791-A688-DB94786AE6A9}.Ad-Hoc|ARM.ActiveCfg = Release|Any CPU
		{5FF81CF8-CCB6-4791-A688-DB94786AE6A9}.Ad-Hoc|ARM.Build.0 = Release|Any CPU
		{5FF81CF8-CCB6-4791-A688-DB94786AE6A9}.Ad-Hoc|ARM.Deploy.0 = Release|Any CPU
		{5FF81CF8-CCB6-4791-A688-DB94786AE6A9}.Ad-Hoc|iPhone.ActiveCfg = Release|Any CPU
		{5FF81CF8-CCB6-4791-A688-DB94786AE6A9}.Ad-Hoc|iPhone.Build.0 = Release|Any CPU
		{5FF81CF8-CCB6-4791-A688-DB94786AE6A9}.Ad-Hoc|iPhone.Deploy.0 = Release|Any CPU
		{5FF81CF8-CCB6-4791-A688-DB94786AE6A9}.Ad-Hoc|iPhoneSimulator.ActiveCfg = Release|Any CPU
		{5FF81CF8-CCB6-4791-A688-DB94786AE6A9}.Ad-Hoc|iPhoneSimulator.Build.0 = Release|Any CPU
		{5FF81CF8-CCB6-4791-A688-DB94786AE6A9}.Ad-Hoc|iPhoneSimulator.Deploy.0 = Release|Any CPU
		{5FF81CF8-CCB6-4791-A688-DB94786AE6A9}.Ad-Hoc|x64.ActiveCfg = Release|Any CPU
		{5FF81CF8-CCB6-4791-A688-DB94786AE6A9}.Ad-Hoc|x64.Build.0 = Release|Any CPU
		{5FF81CF8-CCB6-4791-A688-DB94786AE6A9}.Ad-Hoc|x64.Deploy.0 = Release|Any CPU
		{5FF81CF8-CCB6-4791-A688-DB94786AE6A9}.Ad-Hoc|x86.ActiveCfg = Release|Any CPU
		{5FF81CF8-CCB6-4791-A688-DB94786AE6A9}.Ad-Hoc|x86.Build.0 = Release|Any CPU
		{5FF81CF8-CCB6-4791-A688-DB94786AE6A9}.Ad-Hoc|x86.Deploy.0 = Release|Any CPU
		{5FF81CF8-CCB6-4791-A688-DB94786AE6A9}.AppStore|Any CPU.ActiveCfg = Release|Any CPU
		{5FF81CF8-CCB6-4791-A688-DB94786AE6A9}.AppStore|Any CPU.Build.0 = Release|Any CPU
		{5FF81CF8-CCB6-4791-A688-DB94786AE6A9}.AppStore|Any CPU.Deploy.0 = Release|Any CPU
		{5FF81CF8-CCB6-4791-A688-DB94786AE6A9}.AppStore|ARM.ActiveCfg = Release|Any CPU
		{5FF81CF8-CCB6-4791-A688-DB94786AE6A9}.AppStore|ARM.Build.0 = Release|Any CPU
		{5FF81CF8-CCB6-4791-A688-DB94786AE6A9}.AppStore|ARM.Deploy.0 = Release|Any CPU
		{5FF81CF8-CCB6-4791-A688-DB94786AE6A9}.AppStore|iPhone.ActiveCfg = Release|Any CPU
		{5FF81CF8-CCB6-4791-A688-DB94786AE6A9}.AppStore|iPhone.Build.0 = Release|Any CPU
		{5FF81CF8-CCB6-4791-A688-DB94786AE6A9}.AppStore|iPhone.Deploy.0 = Release|Any CPU
		{5FF81CF8-CCB6-4791-A688-DB94786AE6A9}.AppStore|iPhoneSimulator.ActiveCfg = Release|Any CPU
		{5FF81CF8-CCB6-4791-A688-DB94786AE6A9}.AppStore|iPhoneSimulator.Build.0 = Release|Any CPU
		{5FF81CF8-CCB6-4791-A688-DB94786AE6A9}.AppStore|iPhoneSimulator.Deploy.0 = Release|Any CPU
		{5FF81CF8-CCB6-4791-A688-DB94786AE6A9}.AppStore|x64.ActiveCfg = Release|Any CPU
		{5FF81CF8-CCB6-4791-A688-DB94786AE6A9}.AppStore|x64.Build.0 = Release|Any CPU
		{5FF81CF8-CCB6-4791-A688-DB94786AE6A9}.AppStore|x64.Deploy.0 = Release|Any CPU
		{5FF81CF8-CCB6-4791-A688-DB94786AE6A9}.AppStore|x86.ActiveCfg = Release|Any CPU
		{5FF81CF8-CCB6-4791-A688-DB94786AE6A9}.AppStore|x86.Build.0 = Release|Any CPU
		{5FF81CF8-CCB6-4791-A688-DB94786AE6A9}.AppStore|x86.Deploy.0 = Release|Any CPU
		{5FF81CF8-CCB6-4791-A688-DB94786AE6A9}.Debug|Any CPU.ActiveCfg = Debug|Any CPU
		{5FF81CF8-CCB6-4791-A688-DB94786AE6A9}.Debug|Any CPU.Build.0 = Debug|Any CPU
		{5FF81CF8-CCB6-4791-A688-DB94786AE6A9}.Debug|Any CPU.Deploy.0 = Debug|Any CPU
		{5FF81CF8-CCB6-4791-A688-DB94786AE6A9}.Debug|ARM.ActiveCfg = Debug|Any CPU
		{5FF81CF8-CCB6-4791-A688-DB94786AE6A9}.Debug|ARM.Build.0 = Debug|Any CPU
		{5FF81CF8-CCB6-4791-A688-DB94786AE6A9}.Debug|ARM.Deploy.0 = Debug|Any CPU
		{5FF81CF8-CCB6-4791-A688-DB94786AE6A9}.Debug|iPhone.ActiveCfg = Debug|Any CPU
		{5FF81CF8-CCB6-4791-A688-DB94786AE6A9}.Debug|iPhone.Build.0 = Debug|Any CPU
		{5FF81CF8-CCB6-4791-A688-DB94786AE6A9}.Debug|iPhone.Deploy.0 = Debug|Any CPU
		{5FF81CF8-CCB6-4791-A688-DB94786AE6A9}.Debug|iPhoneSimulator.ActiveCfg = Debug|Any CPU
		{5FF81CF8-CCB6-4791-A688-DB94786AE6A9}.Debug|iPhoneSimulator.Build.0 = Debug|Any CPU
		{5FF81CF8-CCB6-4791-A688-DB94786AE6A9}.Debug|iPhoneSimulator.Deploy.0 = Debug|Any CPU
		{5FF81CF8-CCB6-4791-A688-DB94786AE6A9}.Debug|x64.ActiveCfg = Debug|Any CPU
		{5FF81CF8-CCB6-4791-A688-DB94786AE6A9}.Debug|x64.Build.0 = Debug|Any CPU
		{5FF81CF8-CCB6-4791-A688-DB94786AE6A9}.Debug|x64.Deploy.0 = Debug|Any CPU
		{5FF81CF8-CCB6-4791-A688-DB94786AE6A9}.Debug|x86.ActiveCfg = Debug|Any CPU
		{5FF81CF8-CCB6-4791-A688-DB94786AE6A9}.Debug|x86.Build.0 = Debug|Any CPU
		{5FF81CF8-CCB6-4791-A688-DB94786AE6A9}.Debug|x86.Deploy.0 = Debug|Any CPU
		{5FF81CF8-CCB6-4791-A688-DB94786AE6A9}.Release|Any CPU.ActiveCfg = Release|Any CPU
		{5FF81CF8-CCB6-4791-A688-DB94786AE6A9}.Release|Any CPU.Build.0 = Release|Any CPU
		{5FF81CF8-CCB6-4791-A688-DB94786AE6A9}.Release|Any CPU.Deploy.0 = Release|Any CPU
		{5FF81CF8-CCB6-4791-A688-DB94786AE6A9}.Release|ARM.ActiveCfg = Release|Any CPU
		{5FF81CF8-CCB6-4791-A688-DB94786AE6A9}.Release|ARM.Build.0 = Release|Any CPU
		{5FF81CF8-CCB6-4791-A688-DB94786AE6A9}.Release|ARM.Deploy.0 = Release|Any CPU
		{5FF81CF8-CCB6-4791-A688-DB94786AE6A9}.Release|iPhone.ActiveCfg = Release|Any CPU
		{5FF81CF8-CCB6-4791-A688-DB94786AE6A9}.Release|iPhone.Build.0 = Release|Any CPU
		{5FF81CF8-CCB6-4791-A688-DB94786AE6A9}.Release|iPhone.Deploy.0 = Release|Any CPU
		{5FF81CF8-CCB6-4791-A688-DB94786AE6A9}.Release|iPhoneSimulator.ActiveCfg = Release|Any CPU
		{5FF81CF8-CCB6-4791-A688-DB94786AE6A9}.Release|iPhoneSimulator.Build.0 = Release|Any CPU
		{5FF81CF8-CCB6-4791-A688-DB94786AE6A9}.Release|iPhoneSimulator.Deploy.0 = Release|Any CPU
		{5FF81CF8-CCB6-4791-A688-DB94786AE6A9}.Release|x64.ActiveCfg = Release|Any CPU
		{5FF81CF8-CCB6-4791-A688-DB94786AE6A9}.Release|x64.Build.0 = Release|Any CPU
		{5FF81CF8-CCB6-4791-A688-DB94786AE6A9}.Release|x64.Deploy.0 = Release|Any CPU
		{5FF81CF8-CCB6-4791-A688-DB94786AE6A9}.Release|x86.ActiveCfg = Release|Any CPU
		{5FF81CF8-CCB6-4791-A688-DB94786AE6A9}.Release|x86.Build.0 = Release|Any CPU
		{5FF81CF8-CCB6-4791-A688-DB94786AE6A9}.Release|x86.Deploy.0 = Release|Any CPU
		{331AF15F-1C5A-492B-993B-1817D24CA455}.Ad-Hoc|Any CPU.ActiveCfg = Ad-Hoc|iPhone
		{331AF15F-1C5A-492B-993B-1817D24CA455}.Ad-Hoc|ARM.ActiveCfg = Ad-Hoc|iPhone
		{331AF15F-1C5A-492B-993B-1817D24CA455}.Ad-Hoc|iPhone.ActiveCfg = Ad-Hoc|iPhone
		{331AF15F-1C5A-492B-993B-1817D24CA455}.Ad-Hoc|iPhone.Build.0 = Ad-Hoc|iPhone
		{331AF15F-1C5A-492B-993B-1817D24CA455}.Ad-Hoc|iPhoneSimulator.ActiveCfg = Ad-Hoc|iPhoneSimulator
		{331AF15F-1C5A-492B-993B-1817D24CA455}.Ad-Hoc|iPhoneSimulator.Build.0 = Ad-Hoc|iPhoneSimulator
		{331AF15F-1C5A-492B-993B-1817D24CA455}.Ad-Hoc|x64.ActiveCfg = Ad-Hoc|iPhone
		{331AF15F-1C5A-492B-993B-1817D24CA455}.Ad-Hoc|x86.ActiveCfg = Ad-Hoc|iPhone
		{331AF15F-1C5A-492B-993B-1817D24CA455}.AppStore|Any CPU.ActiveCfg = AppStore|iPhone
		{331AF15F-1C5A-492B-993B-1817D24CA455}.AppStore|ARM.ActiveCfg = AppStore|iPhone
		{331AF15F-1C5A-492B-993B-1817D24CA455}.AppStore|iPhone.ActiveCfg = AppStore|iPhone
		{331AF15F-1C5A-492B-993B-1817D24CA455}.AppStore|iPhone.Build.0 = AppStore|iPhone
		{331AF15F-1C5A-492B-993B-1817D24CA455}.AppStore|iPhoneSimulator.ActiveCfg = AppStore|iPhoneSimulator
		{331AF15F-1C5A-492B-993B-1817D24CA455}.AppStore|iPhoneSimulator.Build.0 = AppStore|iPhoneSimulator
		{331AF15F-1C5A-492B-993B-1817D24CA455}.AppStore|x64.ActiveCfg = AppStore|iPhone
		{331AF15F-1C5A-492B-993B-1817D24CA455}.AppStore|x86.ActiveCfg = AppStore|iPhone
		{331AF15F-1C5A-492B-993B-1817D24CA455}.Debug|Any CPU.ActiveCfg = Debug|iPhone
		{331AF15F-1C5A-492B-993B-1817D24CA455}.Debug|ARM.ActiveCfg = Debug|iPhone
		{331AF15F-1C5A-492B-993B-1817D24CA455}.Debug|iPhone.ActiveCfg = Debug|iPhone
		{331AF15F-1C5A-492B-993B-1817D24CA455}.Debug|iPhone.Build.0 = Debug|iPhone
		{331AF15F-1C5A-492B-993B-1817D24CA455}.Debug|iPhoneSimulator.ActiveCfg = Debug|iPhoneSimulator
		{331AF15F-1C5A-492B-993B-1817D24CA455}.Debug|iPhoneSimulator.Build.0 = Debug|iPhoneSimulator
		{331AF15F-1C5A-492B-993B-1817D24CA455}.Debug|x64.ActiveCfg = Debug|iPhone
		{331AF15F-1C5A-492B-993B-1817D24CA455}.Debug|x86.ActiveCfg = Debug|iPhone
		{331AF15F-1C5A-492B-993B-1817D24CA455}.Release|Any CPU.ActiveCfg = Release|iPhone
		{331AF15F-1C5A-492B-993B-1817D24CA455}.Release|ARM.ActiveCfg = Release|iPhone
		{331AF15F-1C5A-492B-993B-1817D24CA455}.Release|iPhone.ActiveCfg = Release|iPhone
		{331AF15F-1C5A-492B-993B-1817D24CA455}.Release|iPhone.Build.0 = Release|iPhone
		{331AF15F-1C5A-492B-993B-1817D24CA455}.Release|iPhoneSimulator.ActiveCfg = Release|iPhoneSimulator
		{331AF15F-1C5A-492B-993B-1817D24CA455}.Release|iPhoneSimulator.Build.0 = Release|iPhoneSimulator
		{331AF15F-1C5A-492B-993B-1817D24CA455}.Release|x64.ActiveCfg = Release|iPhone
		{331AF15F-1C5A-492B-993B-1817D24CA455}.Release|x86.ActiveCfg = Release|iPhone
		{8898DE72-E805-4B7A-9973-E6AA9D422251}.Ad-Hoc|Any CPU.ActiveCfg = Release|x86
		{8898DE72-E805-4B7A-9973-E6AA9D422251}.Ad-Hoc|Any CPU.Build.0 = Release|x86
		{8898DE72-E805-4B7A-9973-E6AA9D422251}.Ad-Hoc|Any CPU.Deploy.0 = Release|x86
		{8898DE72-E805-4B7A-9973-E6AA9D422251}.Ad-Hoc|ARM.ActiveCfg = Release|ARM
		{8898DE72-E805-4B7A-9973-E6AA9D422251}.Ad-Hoc|ARM.Build.0 = Release|ARM
		{8898DE72-E805-4B7A-9973-E6AA9D422251}.Ad-Hoc|ARM.Deploy.0 = Release|ARM
		{8898DE72-E805-4B7A-9973-E6AA9D422251}.Ad-Hoc|iPhone.ActiveCfg = Release|x86
		{8898DE72-E805-4B7A-9973-E6AA9D422251}.Ad-Hoc|iPhone.Build.0 = Release|x86
		{8898DE72-E805-4B7A-9973-E6AA9D422251}.Ad-Hoc|iPhone.Deploy.0 = Release|x86
		{8898DE72-E805-4B7A-9973-E6AA9D422251}.Ad-Hoc|iPhoneSimulator.ActiveCfg = Release|x86
		{8898DE72-E805-4B7A-9973-E6AA9D422251}.Ad-Hoc|iPhoneSimulator.Build.0 = Release|x86
		{8898DE72-E805-4B7A-9973-E6AA9D422251}.Ad-Hoc|iPhoneSimulator.Deploy.0 = Release|x86
		{8898DE72-E805-4B7A-9973-E6AA9D422251}.Ad-Hoc|x64.ActiveCfg = Release|x64
		{8898DE72-E805-4B7A-9973-E6AA9D422251}.Ad-Hoc|x64.Build.0 = Release|x64
		{8898DE72-E805-4B7A-9973-E6AA9D422251}.Ad-Hoc|x64.Deploy.0 = Release|x64
		{8898DE72-E805-4B7A-9973-E6AA9D422251}.Ad-Hoc|x86.ActiveCfg = Release|x86
		{8898DE72-E805-4B7A-9973-E6AA9D422251}.Ad-Hoc|x86.Build.0 = Release|x86
		{8898DE72-E805-4B7A-9973-E6AA9D422251}.Ad-Hoc|x86.Deploy.0 = Release|x86
		{8898DE72-E805-4B7A-9973-E6AA9D422251}.AppStore|Any CPU.ActiveCfg = Release|x86
		{8898DE72-E805-4B7A-9973-E6AA9D422251}.AppStore|Any CPU.Build.0 = Release|x86
		{8898DE72-E805-4B7A-9973-E6AA9D422251}.AppStore|Any CPU.Deploy.0 = Release|x86
		{8898DE72-E805-4B7A-9973-E6AA9D422251}.AppStore|ARM.ActiveCfg = Release|ARM
		{8898DE72-E805-4B7A-9973-E6AA9D422251}.AppStore|ARM.Build.0 = Release|ARM
		{8898DE72-E805-4B7A-9973-E6AA9D422251}.AppStore|ARM.Deploy.0 = Release|ARM
		{8898DE72-E805-4B7A-9973-E6AA9D422251}.AppStore|iPhone.ActiveCfg = Release|x86
		{8898DE72-E805-4B7A-9973-E6AA9D422251}.AppStore|iPhone.Build.0 = Release|x86
		{8898DE72-E805-4B7A-9973-E6AA9D422251}.AppStore|iPhone.Deploy.0 = Release|x86
		{8898DE72-E805-4B7A-9973-E6AA9D422251}.AppStore|iPhoneSimulator.ActiveCfg = Release|x86
		{8898DE72-E805-4B7A-9973-E6AA9D422251}.AppStore|iPhoneSimulator.Build.0 = Release|x86
		{8898DE72-E805-4B7A-9973-E6AA9D422251}.AppStore|iPhoneSimulator.Deploy.0 = Release|x86
		{8898DE72-E805-4B7A-9973-E6AA9D422251}.AppStore|x64.ActiveCfg = Release|x64
		{8898DE72-E805-4B7A-9973-E6AA9D422251}.AppStore|x64.Build.0 = Release|x64
		{8898DE72-E805-4B7A-9973-E6AA9D422251}.AppStore|x64.Deploy.0 = Release|x64
		{8898DE72-E805-4B7A-9973-E6AA9D422251}.AppStore|x86.ActiveCfg = Release|x86
		{8898DE72-E805-4B7A-9973-E6AA9D422251}.AppStore|x86.Build.0 = Release|x86
		{8898DE72-E805-4B7A-9973-E6AA9D422251}.AppStore|x86.Deploy.0 = Release|x86
		{8898DE72-E805-4B7A-9973-E6AA9D422251}.Debug|Any CPU.ActiveCfg = Debug|x86
		{8898DE72-E805-4B7A-9973-E6AA9D422251}.Debug|ARM.ActiveCfg = Debug|ARM
		{8898DE72-E805-4B7A-9973-E6AA9D422251}.Debug|ARM.Build.0 = Debug|ARM
		{8898DE72-E805-4B7A-9973-E6AA9D422251}.Debug|ARM.Deploy.0 = Debug|ARM
		{8898DE72-E805-4B7A-9973-E6AA9D422251}.Debug|iPhone.ActiveCfg = Debug|x86
		{8898DE72-E805-4B7A-9973-E6AA9D422251}.Debug|iPhoneSimulator.ActiveCfg = Debug|x86
		{8898DE72-E805-4B7A-9973-E6AA9D422251}.Debug|x64.ActiveCfg = Debug|x64
		{8898DE72-E805-4B7A-9973-E6AA9D422251}.Debug|x64.Build.0 = Debug|x64
		{8898DE72-E805-4B7A-9973-E6AA9D422251}.Debug|x64.Deploy.0 = Debug|x64
		{8898DE72-E805-4B7A-9973-E6AA9D422251}.Debug|x86.ActiveCfg = Debug|x86
		{8898DE72-E805-4B7A-9973-E6AA9D422251}.Debug|x86.Build.0 = Debug|x86
		{8898DE72-E805-4B7A-9973-E6AA9D422251}.Debug|x86.Deploy.0 = Debug|x86
		{8898DE72-E805-4B7A-9973-E6AA9D422251}.Release|Any CPU.ActiveCfg = Release|x86
		{8898DE72-E805-4B7A-9973-E6AA9D422251}.Release|ARM.ActiveCfg = Release|ARM
		{8898DE72-E805-4B7A-9973-E6AA9D422251}.Release|ARM.Build.0 = Release|ARM
		{8898DE72-E805-4B7A-9973-E6AA9D422251}.Release|ARM.Deploy.0 = Release|ARM
		{8898DE72-E805-4B7A-9973-E6AA9D422251}.Release|iPhone.ActiveCfg = Release|x86
		{8898DE72-E805-4B7A-9973-E6AA9D422251}.Release|iPhoneSimulator.ActiveCfg = Release|x86
		{8898DE72-E805-4B7A-9973-E6AA9D422251}.Release|x64.ActiveCfg = Release|x64
		{8898DE72-E805-4B7A-9973-E6AA9D422251}.Release|x64.Build.0 = Release|x64
		{8898DE72-E805-4B7A-9973-E6AA9D422251}.Release|x64.Deploy.0 = Release|x64
		{8898DE72-E805-4B7A-9973-E6AA9D422251}.Release|x86.ActiveCfg = Release|x86
		{8898DE72-E805-4B7A-9973-E6AA9D422251}.Release|x86.Build.0 = Release|x86
		{8898DE72-E805-4B7A-9973-E6AA9D422251}.Release|x86.Deploy.0 = Release|x86
		{80E1DED2-7069-4908-9519-E69E34BDBB74}.Ad-Hoc|Any CPU.ActiveCfg = Debug|Any CPU
		{80E1DED2-7069-4908-9519-E69E34BDBB74}.Ad-Hoc|Any CPU.Build.0 = Debug|Any CPU
		{80E1DED2-7069-4908-9519-E69E34BDBB74}.Ad-Hoc|ARM.ActiveCfg = Debug|Any CPU
		{80E1DED2-7069-4908-9519-E69E34BDBB74}.Ad-Hoc|ARM.Build.0 = Debug|Any CPU
		{80E1DED2-7069-4908-9519-E69E34BDBB74}.Ad-Hoc|iPhone.ActiveCfg = Debug|Any CPU
		{80E1DED2-7069-4908-9519-E69E34BDBB74}.Ad-Hoc|iPhone.Build.0 = Debug|Any CPU
		{80E1DED2-7069-4908-9519-E69E34BDBB74}.Ad-Hoc|iPhoneSimulator.ActiveCfg = Debug|Any CPU
		{80E1DED2-7069-4908-9519-E69E34BDBB74}.Ad-Hoc|iPhoneSimulator.Build.0 = Debug|Any CPU
		{80E1DED2-7069-4908-9519-E69E34BDBB74}.Ad-Hoc|x64.ActiveCfg = Debug|Any CPU
		{80E1DED2-7069-4908-9519-E69E34BDBB74}.Ad-Hoc|x64.Build.0 = Debug|Any CPU
		{80E1DED2-7069-4908-9519-E69E34BDBB74}.Ad-Hoc|x86.ActiveCfg = Debug|Any CPU
		{80E1DED2-7069-4908-9519-E69E34BDBB74}.Ad-Hoc|x86.Build.0 = Debug|Any CPU
		{80E1DED2-7069-4908-9519-E69E34BDBB74}.AppStore|Any CPU.ActiveCfg = Debug|Any CPU
		{80E1DED2-7069-4908-9519-E69E34BDBB74}.AppStore|Any CPU.Build.0 = Debug|Any CPU
		{80E1DED2-7069-4908-9519-E69E34BDBB74}.AppStore|ARM.ActiveCfg = Debug|Any CPU
		{80E1DED2-7069-4908-9519-E69E34BDBB74}.AppStore|ARM.Build.0 = Debug|Any CPU
		{80E1DED2-7069-4908-9519-E69E34BDBB74}.AppStore|iPhone.ActiveCfg = Debug|Any CPU
		{80E1DED2-7069-4908-9519-E69E34BDBB74}.AppStore|iPhone.Build.0 = Debug|Any CPU
		{80E1DED2-7069-4908-9519-E69E34BDBB74}.AppStore|iPhoneSimulator.ActiveCfg = Debug|Any CPU
		{80E1DED2-7069-4908-9519-E69E34BDBB74}.AppStore|iPhoneSimulator.Build.0 = Debug|Any CPU
		{80E1DED2-7069-4908-9519-E69E34BDBB74}.AppStore|x64.ActiveCfg = Debug|Any CPU
		{80E1DED2-7069-4908-9519-E69E34BDBB74}.AppStore|x64.Build.0 = Debug|Any CPU
		{80E1DED2-7069-4908-9519-E69E34BDBB74}.AppStore|x86.ActiveCfg = Debug|Any CPU
		{80E1DED2-7069-4908-9519-E69E34BDBB74}.AppStore|x86.Build.0 = Debug|Any CPU
		{80E1DED2-7069-4908-9519-E69E34BDBB74}.Debug|Any CPU.ActiveCfg = Debug|Any CPU
		{80E1DED2-7069-4908-9519-E69E34BDBB74}.Debug|Any CPU.Build.0 = Debug|Any CPU
		{80E1DED2-7069-4908-9519-E69E34BDBB74}.Debug|ARM.ActiveCfg = Debug|Any CPU
		{80E1DED2-7069-4908-9519-E69E34BDBB74}.Debug|ARM.Build.0 = Debug|Any CPU
		{80E1DED2-7069-4908-9519-E69E34BDBB74}.Debug|iPhone.ActiveCfg = Debug|Any CPU
		{80E1DED2-7069-4908-9519-E69E34BDBB74}.Debug|iPhone.Build.0 = Debug|Any CPU
		{80E1DED2-7069-4908-9519-E69E34BDBB74}.Debug|iPhoneSimulator.ActiveCfg = Debug|Any CPU
		{80E1DED2-7069-4908-9519-E69E34BDBB74}.Debug|iPhoneSimulator.Build.0 = Debug|Any CPU
		{80E1DED2-7069-4908-9519-E69E34BDBB74}.Debug|x64.ActiveCfg = Debug|Any CPU
		{80E1DED2-7069-4908-9519-E69E34BDBB74}.Debug|x64.Build.0 = Debug|Any CPU
		{80E1DED2-7069-4908-9519-E69E34BDBB74}.Debug|x86.ActiveCfg = Debug|Any CPU
		{80E1DED2-7069-4908-9519-E69E34BDBB74}.Debug|x86.Build.0 = Debug|Any CPU
		{80E1DED2-7069-4908-9519-E69E34BDBB74}.Release|Any CPU.ActiveCfg = Release|Any CPU
		{80E1DED2-7069-4908-9519-E69E34BDBB74}.Release|Any CPU.Build.0 = Release|Any CPU
		{80E1DED2-7069-4908-9519-E69E34BDBB74}.Release|ARM.ActiveCfg = Release|Any CPU
		{80E1DED2-7069-4908-9519-E69E34BDBB74}.Release|ARM.Build.0 = Release|Any CPU
		{80E1DED2-7069-4908-9519-E69E34BDBB74}.Release|iPhone.ActiveCfg = Release|Any CPU
		{80E1DED2-7069-4908-9519-E69E34BDBB74}.Release|iPhone.Build.0 = Release|Any CPU
		{80E1DED2-7069-4908-9519-E69E34BDBB74}.Release|iPhoneSimulator.ActiveCfg = Release|Any CPU
		{80E1DED2-7069-4908-9519-E69E34BDBB74}.Release|iPhoneSimulator.Build.0 = Release|Any CPU
		{80E1DED2-7069-4908-9519-E69E34BDBB74}.Release|x64.ActiveCfg = Release|Any CPU
		{80E1DED2-7069-4908-9519-E69E34BDBB74}.Release|x64.Build.0 = Release|Any CPU
		{80E1DED2-7069-4908-9519-E69E34BDBB74}.Release|x86.ActiveCfg = Release|Any CPU
		{80E1DED2-7069-4908-9519-E69E34BDBB74}.Release|x86.Build.0 = Release|Any CPU
	EndGlobalSection
	GlobalSection(SolutionProperties) = preSolution
		HideSolutionNode = FALSE
	EndGlobalSection
	GlobalSection(ExtensibilityGlobals) = postSolution
		SolutionGuid = {DA839CAD-EC0E-427A-BF11-D59A2F473307}
	EndGlobalSection
EndGlobal
